// !$*UTF8*$!
{
	archiveVersion = 1;
	classes = {
	};
	objectVersion = 48;
	objects = {

/* Begin PBXBuildFile section */
		BF9BC9561FBC77A7006A2623 /* AppDelegate.swift in Sources */ = {isa = PBXBuildFile; fileRef = BF9BC9551FBC77A7006A2623 /* AppDelegate.swift */; };
		BF9BC9581FBC77A7006A2623 /* ViewController.swift in Sources */ = {isa = PBXBuildFile; fileRef = BF9BC9571FBC77A7006A2623 /* ViewController.swift */; };
		BF9BC95B1FBC77A7006A2623 /* Main.storyboard in Resources */ = {isa = PBXBuildFile; fileRef = BF9BC9591FBC77A7006A2623 /* Main.storyboard */; };
		BF9BC95D1FBC77A7006A2623 /* Assets.xcassets in Resources */ = {isa = PBXBuildFile; fileRef = BF9BC95C1FBC77A7006A2623 /* Assets.xcassets */; };
		BF9BC9601FBC77A7006A2623 /* LaunchScreen.storyboard in Resources */ = {isa = PBXBuildFile; fileRef = BF9BC95E1FBC77A7006A2623 /* LaunchScreen.storyboard */; };
/* End PBXBuildFile section */

/* Begin PBXFileReference section */
		BF9BC9521FBC77A7006A2623 /* MapViewSample.app */ = {isa = PBXFileReference; explicitFileType = wrapper.application; includeInIndex = 0; path = MapViewSample.app; sourceTree = BUILT_PRODUCTS_DIR; };
		BF9BC9551FBC77A7006A2623 /* AppDelegate.swift */ = {isa = PBXFileReference; lastKnownFileType = sourcecode.swift; path = AppDelegate.swift; sourceTree = "<group>"; };
		BF9BC9571FBC77A7006A2623 /* ViewController.swift */ = {isa = PBXFileReference; lastKnownFileType = sourcecode.swift; path = ViewController.swift; sourceTree = "<group>"; };
		BF9BC95A1FBC77A7006A2623 /* Base */ = {isa = PBXFileReference; lastKnownFileType = file.storyboard; name = Base; path = Base.lproj/Main.storyboard; sourceTree = "<group>"; };
		BF9BC95C1FBC77A7006A2623 /* Assets.xcassets */ = {isa = PBXFileReference; lastKnownFileType = folder.assetcatalog; path = Assets.xcassets; sourceTree = "<group>"; };
		BF9BC95F1FBC77A7006A2623 /* Base */ = {isa = PBXFileReference; lastKnownFileType = file.storyboard; name = Base; path = Base.lproj/LaunchScreen.storyboard; sourceTree = "<group>"; };
		BF9BC9611FBC77A7006A2623 /* Info.plist */ = {isa = PBXFileReference; lastKnownFileType = text.plist.xml; path = Info.plist; sourceTree = "<group>"; };
/* End PBXFileReference section */

/* Begin PBXFrameworksBuildPhase section */
		BF9BC94F1FBC77A7006A2623 /* Frameworks */ = {
			isa = PBXFrameworksBuildPhase;
			buildActionMask = 2147483647;
			files = (
			);
			runOnlyForDeploymentPostprocessing = 0;
		};
/* End PBXFrameworksBuildPhase section */

/* Begin PBXGroup section */
		BF9BC9491FBC77A7006A2623 = {
			isa = PBXGroup;
			children = (
				BF9BC9541FBC77A7006A2623 /* MapViewSample */,
				BF9BC9531FBC77A7006A2623 /* Products */,
			);
			sourceTree = "<group>";
		};
		BF9BC9531FBC77A7006A2623 /* Products */ = {
			isa = PBXGroup;
			children = (
				BF9BC9521FBC77A7006A2623 /* MapViewSample.app */,
			);
			name = Products;
			sourceTree = "<group>";
		};
		BF9BC9541FBC77A7006A2623 /* MapViewSample */ = {
			isa = PBXGroup;
			children = (
				BF9BC9551FBC77A7006A2623 /* AppDelegate.swift */,
				BF9BC9571FBC77A7006A2623 /* ViewController.swift */,
				BF9BC9591FBC77A7006A2623 /* Main.storyboard */,
				BF9BC95C1FBC77A7006A2623 /* Assets.xcassets */,
				BF9BC95E1FBC77A7006A2623 /* LaunchScreen.storyboard */,
				BF9BC9611FBC77A7006A2623 /* Info.plist */,
			);
			path = MapViewSample;
			sourceTree = "<group>";
		};
/* End PBXGroup section */

/* Begin PBXNativeTarget section */
		BF9BC9511FBC77A7006A2623 /* MapViewSample */ = {
			isa = PBXNativeTarget;
			buildConfigurationList = BF9BC9641FBC77A7006A2623 /* Build configuration list for PBXNativeTarget "MapViewSample" */;
			buildPhases = (
				BF9BC94E1FBC77A7006A2623 /* Sources */,
				BF9BC94F1FBC77A7006A2623 /* Frameworks */,
				BF9BC9501FBC77A7006A2623 /* Resources */,
			);
			buildRules = (
			);
			dependencies = (
			);
			name = MapViewSample;
			productName = MapViewSample;
			productReference = BF9BC9521FBC77A7006A2623 /* MapViewSample.app */;
			productType = "com.apple.product-type.application";
		};
/* End PBXNativeTarget section */

/* Begin PBXProject section */
		BF9BC94A1FBC77A7006A2623 /* Project object */ = {
			isa = PBXProject;
			attributes = {
				LastSwiftUpdateCheck = 0900;
				LastUpgradeCheck = 0900;
				ORGANIZATIONNAME = "Fodé Guirassy";
				TargetAttributes = {
					BF9BC9511FBC77A7006A2623 = {
						CreatedOnToolsVersion = 9.0;
						ProvisioningStyle = Automatic;
					};
				};
			};
			buildConfigurationList = BF9BC94D1FBC77A7006A2623 /* Build configuration list for PBXProject "MapViewSample" */;
			compatibilityVersion = "Xcode 8.0";
			developmentRegion = en;
			hasScannedForEncodings = 0;
			knownRegions = (
				en,
				Base,
			);
			mainGroup = BF9BC9491FBC77A7006A2623;
			productRefGroup = BF9BC9531FBC77A7006A2623 /* Products */;
			projectDirPath = "";
			projectRoot = "";
			targets = (
				BF9BC9511FBC77A7006A2623 /* MapViewSample */,
			);
		};
/* End PBXProject section */

/* Begin PBXResourcesBuildPhase section */
		BF9BC9501FBC77A7006A2623 /* Resources */ = {
			isa = PBXResourcesBuildPhase;
			buildActionMask = 2147483647;
			files = (
				BF9BC9601FBC77A7006A2623 /* LaunchScreen.storyboard in Resources */,
				BF9BC95D1FBC77A7006A2623 /* Assets.xcassets in Resources */,
				BF9BC95B1FBC77A7006A2623 /* Main.storyboard in Resources */,
			);
			runOnlyForDeploymentPostprocessing = 0;
		};
/* End PBXResourcesBuildPhase section */

/* Begin PBXSourcesBuildPhase section */
		BF9BC94E1FBC77A7006A2623 /* Sources */ = {
			isa = PBXSourcesBuildPhase;
			buildActionMask = 2147483647;
			files = (
				BF9BC9581FBC77A7006A2623 /* ViewController.swift in Sources */,
				BF9BC9561FBC77A7006A2623 /* AppDelegate.swift in Sources */,
			);
			runOnlyForDeploymentPostprocessing = 0;
		};
/* End PBXSourcesBuildPhase section */

/* Begin PBXVariantGroup section */
		BF9BC9591FBC77A7006A2623 /* Main.storyboard */ = {
			isa = PBXVariantGroup;
			children = (
				BF9BC95A1FBC77A7006A2623 /* Base */,
			);
			name = Main.storyboard;
			sourceTree = "<group>";
		};
		BF9BC95E1FBC77A7006A2623 /* LaunchScreen.storyboard */ = {
			isa = PBXVariantGroup;
			children = (
				BF9BC95F1FBC77A7006A2623 /* Base */,
			);
			name = LaunchScreen.storyboard;
			sourceTree = "<group>";
		};
/* End PBXVariantGroup section */

/* Begin XCBuildConfiguration section */
		BF9BC9621FBC77A7006A2623 /* Debug */ = {
			isa = XCBuildConfiguration;
			buildSettings = {
				ALWAYS_SEARCH_USER_PATHS = NO;
				CLANG_ANALYZER_NONNULL = YES;
				CLANG_ANALYZER_NUMBER_OBJECT_CONVERSION = YES_AGGRESSIVE;
				CLANG_CXX_LANGUAGE_STANDARD = "gnu++14";
				CLANG_CXX_LIBRARY = "libc++";
				CLANG_ENABLE_MODULES = YES;
				CLANG_ENABLE_OBJC_ARC = YES;
				CLANG_WARN_BLOCK_CAPTURE_AUTORELEASING = YES;
				CLANG_WARN_BOOL_CONVERSION = YES;
				CLANG_WARN_COMMA = YES;
				CLANG_WARN_CONSTANT_CONVERSION = YES;
				CLANG_WARN_DIRECT_OBJC_ISA_USAGE = YES_ERROR;
				CLANG_WARN_DOCUMENTATION_COMMENTS = YES;
				CLANG_WARN_EMPTY_BODY = YES;
				CLANG_WARN_ENUM_CONVERSION = YES;
				CLANG_WARN_INFINITE_RECURSION = YES;
				CLANG_WARN_INT_CONVERSION = YES;
				CLANG_WARN_NON_LITERAL_NULL_CONVERSION = YES;
				CLANG_WARN_OBJC_LITERAL_CONVERSION = YES;
				CLANG_WARN_OBJC_ROOT_CLASS = YES_ERROR;
				CLANG_WARN_RANGE_LOOP_ANALYSIS = YES;
				CLANG_WARN_STRICT_PROTOTYPES = YES;
				CLANG_WARN_SUSPICIOUS_MOVE = YES;
				CLANG_WARN_UNGUARDED_AVAILABILITY = YES_AGGRESSIVE;
				CLANG_WARN_UNREACHABLE_CODE = YES;
				CLANG_WARN__DUPLICATE_METHOD_MATCH = YES;
				CODE_SIGN_IDENTITY = "iPhone Developer";
				COPY_PHASE_STRIP = NO;
				DEBUG_INFORMATION_FORMAT = dwarf;
				ENABLE_STRICT_OBJC_MSGSEND = YES;
				ENABLE_TESTABILITY = YES;
				GCC_C_LANGUAGE_STANDARD = gnu11;
				GCC_DYNAMIC_NO_PIC = NO;
				GCC_NO_COMMON_BLOCKS = YES;
				GCC_OPTIMIZATION_LEVEL = 0;
				GCC_PREPROCESSOR_DEFINITIONS = (
					"DEBUG=1",
					"$(inherited)",
				);
				GCC_WARN_64_TO_32_BIT_CONVERSION = YES;
				GCC_WARN_ABOUT_RETURN_TYPE = YES_ERROR;
				GCC_WARN_UNDECLARED_SELECTOR = YES;
				GCC_WARN_UNINITIALIZED_AUTOS = YES_AGGRESSIVE;
				GCC_WARN_UNUSED_FUNCTION = YES;
				GCC_WARN_UNUSED_VARIABLE = YES;
				IPHONEOS_DEPLOYMENT_TARGET = 11.0;
				MTL_ENABLE_DEBUG_INFO = YES;
				ONLY_ACTIVE_ARCH = YES;
				SDKROOT = iphoneos;
				SWIFT_ACTIVE_COMPILATION_CONDITIONS = DEBUG;
				SWIFT_OPTIMIZATION_LEVEL = "-Onone";
			};
			name = Debug;
		};
		BF9BC9631FBC77A7006A2623 /* Release */ = {
			isa = XCBuildConfiguration;
			buildSettings = {
				ALWAYS_SEARCH_USER_PATHS = NO;
				CLANG_ANALYZER_NONNULL = YES;
				CLANG_ANALYZER_NUMBER_OBJECT_CONVERSION = YES_AGGRESSIVE;
				CLANG_CXX_LANGUAGE_STANDARD = "gnu++14";
				CLANG_CXX_LIBRARY = "libc++";
				CLANG_ENABLE_MODULES = YES;
				CLANG_ENABLE_OBJC_ARC = YES;
				CLANG_WARN_BLOCK_CAPTURE_AUTORELEASING = YES;
				CLANG_WARN_BOOL_CONVERSION = YES;
				CLANG_WARN_COMMA = YES;
				CLANG_WARN_CONSTANT_CONVERSION = YES;
				CLANG_WARN_DIRECT_OBJC_ISA_USAGE = YES_ERROR;
				CLANG_WARN_DOCUMENTATION_COMMENTS = YES;
				CLANG_WARN_EMPTY_BODY = YES;
				CLANG_WARN_ENUM_CONVERSION = YES;
				CLANG_WARN_INFINITE_RECURSION = YES;
				CLANG_WARN_INT_CONVERSION = YES;
				CLANG_WARN_NON_LITERAL_NULL_CONVERSION = YES;
				CLANG_WARN_OBJC_LITERAL_CONVERSION = YES;
				CLANG_WARN_OBJC_ROOT_CLASS = YES_ERROR;
				CLANG_WARN_RANGE_LOOP_ANALYSIS = YES;
				CLANG_WARN_STRICT_PROTOTYPES = YES;
				CLANG_WARN_SUSPICIOUS_MOVE = YES;
				CLANG_WARN_UNGUARDED_AVAILABILITY = YES_AGGRESSIVE;
				CLANG_WARN_UNREACHABLE_CODE = YES;
				CLANG_WARN__DUPLICATE_METHOD_MATCH = YES;
				CODE_SIGN_IDENTITY = "iPhone Developer";
				COPY_PHASE_STRIP = NO;
				DEBUG_INFORMATION_FORMAT = "dwarf-with-dsym";
				ENABLE_NS_ASSERTIONS = NO;
				ENABLE_STRICT_OBJC_MSGSEND = YES;
				GCC_C_LANGUAGE_STANDARD = gnu11;
				GCC_NO_COMMON_BLOCKS = YES;
				GCC_WARN_64_TO_32_BIT_CONVERSION = YES;
				GCC_WARN_ABOUT_RETURN_TYPE = YES_ERROR;
				GCC_WARN_UNDECLARED_SELECTOR = YES;
				GCC_WARN_UNINITIALIZED_AUTOS = YES_AGGRESSIVE;
				GCC_WARN_UNUSED_FUNCTION = YES;
				GCC_WARN_UNUSED_VARIABLE = YES;
				IPHONEOS_DEPLOYMENT_TARGET = 11.0;
				MTL_ENABLE_DEBUG_INFO = NO;
				SDKROOT = iphoneos;
				SWIFT_OPTIMIZATION_LEVEL = "-Owholemodule";
				VALIDATE_PRODUCT = YES;
			};
			name = Release;
		};
		BF9BC9651FBC77A7006A2623 /* Debug */ = {
			isa = XCBuildConfiguration;
			buildSettings = {
				ASSETCATALOG_COMPILER_APPICON_NAME = AppIcon;
				CODE_SIGN_STYLE = Automatic;
				INFOPLIST_FILE = MapViewSample/Info.plist;
				LD_RUNPATH_SEARCH_PATHS = "$(inherited) @executable_path/Frameworks";
				PRODUCT_BUNDLE_IDENTIFIER = com.fodeguirassy.MapViewSample;
				PRODUCT_NAME = "$(TARGET_NAME)";
				SWIFT_VERSION = 4.0;
				TARGETED_DEVICE_FAMILY = "1,2";
			};
			name = Debug;
		};
		BF9BC9661FBC77A7006A2623 /* Release */ = {
			isa = XCBuildConfiguration;
			buildSettings = {
				ASSETCATALOG_COMPILER_APPICON_NAME = AppIcon;
				CODE_SIGN_STYLE = Automatic;
				INFOPLIST_FILE = MapViewSample/Info.plist;
				LD_RUNPATH_SEARCH_PATHS = "$(inherited) @executable_path/Frameworks";
				PRODUCT_BUNDLE_IDENTIFIER = com.fodeguirassy.MapViewSample;
				PRODUCT_NAME = "$(TARGET_NAME)";
				SWIFT_VERSION = 4.0;
				TARGETED_DEVICE_FAMILY = "1,2";
			};
			name = Release;
		};
/* End XCBuildConfiguration section */

/* Begin XCConfigurationList section */
		BF9BC94D1FBC77A7006A2623 /* Build configuration list for PBXProject "MapViewSample" */ = {
			isa = XCConfigurationList;
			buildConfigurations = (
				BF9BC9621FBC77A7006A2623 /* Debug */,
				BF9BC9631FBC77A7006A2623 /* Release */,
			);
			defaultConfigurationIsVisible = 0;
			defaultConfigurationName = Release;
		};
		BF9BC9641FBC77A7006A2623 /* Build configuration list for PBXNativeTarget "MapViewSample" */ = {
			isa = XCConfigurationList;
			buildConfigurations = (
				BF9BC9651FBC77A7006A2623 /* Debug */,
				BF9BC9661FBC77A7006A2623 /* Release */,
			);
			defaultConfigurationIsVisible = 0;
			defaultConfigurationName = Release;
		};
/* End XCConfigurationList section */
	};
	rootObject = BF9BC94A1FBC77A7006A2623 /* Project object */;
}
